
Microsoft Visual Studio Solution File, Format Version 12.00
# Visual Studio Version 16
VisualStudioVersion = 16.0.31112.23
MinimumVisualStudioVersion = 10.0.40219.1
Project("{8BC9CEB8-8B4A-11D0-8D11-00A0C91BC942}") = "ConcurrentMemory", "ConcurrentMemory\ConcurrentMemory.vcxproj", "{CC242F95-A113-4AB4-8A83-7694B647A7F4}"
EndProject
Global
	GlobalSection(SolutionConfigurationPlatforms) = preSolution
		Debug|x64 = Debug|x64
		Debug|x86 = Debug|x86
		Release|x64 = Release|x64
		Release|x86 = Release|x86
	EndGlobalSection
	GlobalSection(ProjectConfigurationPlatforms) = postSolution
		{CC242F95-A113-4AB4-8A83-7694B647A7F4}.Debug|x64.ActiveCfg = Debug|x64
		{CC242F95-A113-4AB4-8A83-7694B647A7F4}.Debug|x64.Build.0 = Debug|x64
		{CC242F95-A113-4AB4-8A83-7694B647A7F4}.Debug|x86.ActiveCfg = Debug|Win32
		{CC242F95-A113-4AB4-8A83-7694B647A7F4}.Debug|x86.Build.0 = Debug|Win32
		{CC242F95-A113-4AB4-8A83-7694B647A7F4}.Release|x64.ActiveCfg = Release|x64
		{CC242F95-A113-4AB4-8A83-7694B647A7F4}.Release|x64.Build.0 = Release|x64
		{CC242F95-A113-4AB4-8A83-7694B647A7F4}.Release|x86.ActiveCfg = Release|Win32
		{CC242F95-A113-4AB4-8A83-7694B647A7F4}.Release|x86.Build.0 = Release|Win32
	EndGlobalSection
	GlobalSection(SolutionProperties) = preSolution
		HideSolutionNode = FALSE
	EndGlobalSection
	GlobalSection(ExtensibilityGlobals) = postSolution
		SolutionGuid = {952F755E-DC21-4A38-BCF1-D4C22ECB8735}
	EndGlobalSection
EndGlobal
